
Microsoft Visual Studio Solution File, Format Version 12.00
# Visual Studio Version 17
VisualStudioVersion = 17.11.35208.52
MinimumVisualStudioVersion = 10.0.40219.1
Project("{8BC9CEB8-8B4A-11D0-8D11-00A0C91BC942}") = "C006_Bucle_V2", "C006_Bucle_V2.vcxproj", "{CC3BDE84-D673-46C9-A2AE-DA9947EBCB9C}"
EndProject
Global
	GlobalSection(SolutionConfigurationPlatforms) = preSolution
		Debug|x64 = Debug|x64
		Debug|x86 = Debug|x86
		Release|x64 = Release|x64
		Release|x86 = Release|x86
	EndGlobalSection
	GlobalSection(ProjectConfigurationPlatforms) = postSolution
		{CC3BDE84-D673-46C9-A2AE-DA9947EBCB9C}.Debug|x64.ActiveCfg = Debug|x64
		{CC3BDE84-D673-46C9-A2AE-DA9947EBCB9C}.Debug|x64.Build.0 = Debug|x64
		{CC3BDE84-D673-46C9-A2AE-DA9947EBCB9C}.Debug|x86.ActiveCfg = Debug|Win32
		{CC3BDE84-D673-46C9-A2AE-DA9947EBCB9C}.Debug|x86.Build.0 = Debug|Win32
		{CC3BDE84-D673-46C9-A2AE-DA9947EBCB9C}.Release|x64.ActiveCfg = Release|x64
		{CC3BDE84-D673-46C9-A2AE-DA9947EBCB9C}.Release|x64.Build.0 = Release|x64
		{CC3BDE84-D673-46C9-A2AE-DA9947EBCB9C}.Release|x86.ActiveCfg = Release|Win32
		{CC3BDE84-D673-46C9-A2AE-DA9947EBCB9C}.Release|x86.Build.0 = Release|Win32
	EndGlobalSection
	GlobalSection(SolutionProperties) = preSolution
		HideSolutionNode = FALSE
	EndGlobalSection
	GlobalSection(ExtensibilityGlobals) = postSolution
		SolutionGuid = {72C3FCA4-0A4C-4C60-AC1E-01F5E5FE99A4}
	EndGlobalSection
EndGlobal
