
Microsoft Visual Studio Solution File, Format Version 12.00
# Visual Studio Version 17
VisualStudioVersion = 17.10.35027.167
MinimumVisualStudioVersion = 10.0.40219.1
Project("{8BC9CEB8-8B4A-11D0-8D11-00A0C91BC942}") = "P003_Log_in", "P003_Log_in.vcxproj", "{A6CFA31C-9C93-45A9-B855-8B40E9F2EB1A}"
EndProject
Global
	GlobalSection(SolutionConfigurationPlatforms) = preSolution
		Debug|x64 = Debug|x64
		Debug|x86 = Debug|x86
		Release|x64 = Release|x64
		Release|x86 = Release|x86
	EndGlobalSection
	GlobalSection(ProjectConfigurationPlatforms) = postSolution
		{A6CFA31C-9C93-45A9-B855-8B40E9F2EB1A}.Debug|x64.ActiveCfg = Debug|x64
		{A6CFA31C-9C93-45A9-B855-8B40E9F2EB1A}.Debug|x64.Build.0 = Debug|x64
		{A6CFA31C-9C93-45A9-B855-8B40E9F2EB1A}.Debug|x86.ActiveCfg = Debug|Win32
		{A6CFA31C-9C93-45A9-B855-8B40E9F2EB1A}.Debug|x86.Build.0 = Debug|Win32
		{A6CFA31C-9C93-45A9-B855-8B40E9F2EB1A}.Release|x64.ActiveCfg = Release|x64
		{A6CFA31C-9C93-45A9-B855-8B40E9F2EB1A}.Release|x64.Build.0 = Release|x64
		{A6CFA31C-9C93-45A9-B855-8B40E9F2EB1A}.Release|x86.ActiveCfg = Release|Win32
		{A6CFA31C-9C93-45A9-B855-8B40E9F2EB1A}.Release|x86.Build.0 = Release|Win32
	EndGlobalSection
	GlobalSection(SolutionProperties) = preSolution
		HideSolutionNode = FALSE
	EndGlobalSection
	GlobalSection(ExtensibilityGlobals) = postSolution
		SolutionGuid = {B278A007-76FE-4A85-861B-1933AE6AB279}
	EndGlobalSection
EndGlobal
