
Microsoft Visual Studio Solution File, Format Version 12.00
# Visual Studio Version 17
VisualStudioVersion = 17.11.35208.52
MinimumVisualStudioVersion = 10.0.40219.1
Project("{8BC9CEB8-8B4A-11D0-8D11-00A0C91BC942}") = "C004_bucles", "C004_bucles.vcxproj", "{0ABD7A66-7544-4C3F-ACBE-BC546ABAEEDA}"
EndProject
Global
	GlobalSection(SolutionConfigurationPlatforms) = preSolution
		Debug|x64 = Debug|x64
		Debug|x86 = Debug|x86
		Release|x64 = Release|x64
		Release|x86 = Release|x86
	EndGlobalSection
	GlobalSection(ProjectConfigurationPlatforms) = postSolution
		{0ABD7A66-7544-4C3F-ACBE-BC546ABAEEDA}.Debug|x64.ActiveCfg = Debug|x64
		{0ABD7A66-7544-4C3F-ACBE-BC546ABAEEDA}.Debug|x64.Build.0 = Debug|x64
		{0ABD7A66-7544-4C3F-ACBE-BC546ABAEEDA}.Debug|x86.ActiveCfg = Debug|Win32
		{0ABD7A66-7544-4C3F-ACBE-BC546ABAEEDA}.Debug|x86.Build.0 = Debug|Win32
		{0ABD7A66-7544-4C3F-ACBE-BC546ABAEEDA}.Release|x64.ActiveCfg = Release|x64
		{0ABD7A66-7544-4C3F-ACBE-BC546ABAEEDA}.Release|x64.Build.0 = Release|x64
		{0ABD7A66-7544-4C3F-ACBE-BC546ABAEEDA}.Release|x86.ActiveCfg = Release|Win32
		{0ABD7A66-7544-4C3F-ACBE-BC546ABAEEDA}.Release|x86.Build.0 = Release|Win32
	EndGlobalSection
	GlobalSection(SolutionProperties) = preSolution
		HideSolutionNode = FALSE
	EndGlobalSection
	GlobalSection(ExtensibilityGlobals) = postSolution
		SolutionGuid = {AF249B7D-2488-4487-AF34-D9266C6B5960}
	EndGlobalSection
EndGlobal
